<?xml version="1.0" encoding="utf-8"?>
<Project ToolsVersion="4.0" xmlns="http://schemas.microsoft.com/developer/msbuild/2003">
  <ItemGroup>
    <Filter Include="Source Files">
      <UniqueIdentifier>{E9C7FDCE-D52A-8D73-7EB0-C5296AF258F6}</UniqueIdentifier>
    </Filter>
  </ItemGroup>
  <ItemGroup>
    <ClCompile Include="Main.cpp">
      <Filter>Source Files</Filter>
    </ClCompile>
    <ClCompile Include="EtatGameover.cpp" />
    <ClCompile Include="EtatJeu.cpp" />
    <ClCompile Include="Constants.cpp" />
    <ClCompile Include="EtatMenu.cpp" />
    <ClCompile Include="GestionTextures.cpp" />
    <ClCompile Include="Sprite.cpp" />
    <ClCompile Include="Vaisseau.cpp" />
    <ClCompile Include="Tir.cpp" />
    <ClCompile Include="Ennemi.cpp" />
    <ClCompile Include="Joueur.cpp" />
    <ClCompile Include="Boss.cpp" />
    <ClCompile Include="Bouton.cpp" />
    <ClCompile Include="Vague.cpp" />
    <ClCompile Include="Parallaxe.cpp" />
    <ClCompile Include="Particule.cpp" />
    <ClCompile Include="SystemeParticule.cpp" />
  </ItemGroup>
  <ItemGroup>
    <ClInclude Include="Etat.h" />
    <ClInclude Include="ProchainEtat.h" />
    <ClInclude Include="EtatGameover.h" />
    <ClInclude Include="EtatJeu.h" />
    <ClInclude Include="Constants.h" />
    <ClInclude Include="EtatMenu.h" />
    <ClInclude Include="GestionTextures.h" />
    <ClInclude Include="Sprite.h" />
    <ClInclude Include="Vaisseau.h" />
    <ClInclude Include="Tir.h" />
    <ClInclude Include="Ennemi.h" />
    <ClInclude Include="Joueur.h" />
    <ClInclude Include="EtatBoss.h" />
    <ClInclude Include="Boss.h" />
    <ClInclude Include="Bouton.h" />
    <ClInclude Include="Phase.h" />
    <ClInclude Include="CoteEcran.h" />
    <ClInclude Include="Vague.h" />
    <ClInclude Include="Parallaxe.h" />
    <ClInclude Include="Particule.h" />
    <ClInclude Include="SystemeParticules.h" />
  </ItemGroup>
</Project>